{
  "name": "demo",
  "version": "1.0.0",
  "lockfileVersion": 2,
  "requires": true,
  "packages": {
    "": {
      "version": "1.0.0",
      "license": "ISC",
      "dependencies": {
        "@cloudcare/rum-uniapp": "^1.0.0"
      }
    },
    "node_modules/_@cloudcare_rum-miniapp@1.0.2@@cloudcare": {
      "extraneous": true
    },
    "node_modules/@cloudcare/rum-miniapp": {
      "version": "1.0.2",
      "resolved": "https://registry.nlark.com/@cloudcare/rum-miniapp/download/@cloudcare/rum-miniapp-1.0.2.tgz",
      "extraneous": true,
      "license": "MIT"
    },
    "node_modules/@cloudcare/rum-uniapp": {
      "version": "1.0.0",
      "resolved": "https://registry.npmjs.org/@cloudcare/rum-uniapp/-/rum-uniapp-1.0.0.tgz",
      "integrity": "sha512-XekNwOqx2CoFuQ88ZGT8Kyf81LNJ7eR1xpo3wgrNz6V61OilS79zoM3nL4pa8CH+xDwlC6YO9rl2zkN2U05Hbw=="
    }
  },
  "dependencies": {
    "_@cloudcare_rum-miniapp@1.0.2@@cloudcare": {
      "extraneous": true
    },
    "@cloudcare/rum-miniapp": {
      "version": "https://registry.nlark.com/@cloudcare/rum-miniapp/download/@cloudcare/rum-miniapp-1.0.2.tgz",
      "extraneous": true
    },
    "@cloudcare/rum-uniapp": {
      "version": "1.0.0",
      "resolved": "https://registry.npmjs.org/@cloudcare/rum-uniapp/-/rum-uniapp-1.0.0.tgz",
      "integrity": "sha512-XekNwOqx2CoFuQ88ZGT8Kyf81LNJ7eR1xpo3wgrNz6V61OilS79zoM3nL4pa8CH+xDwlC6YO9rl2zkN2U05Hbw=="
    }
  }
}
