{
	"name": "demo",
	"version": "1.0.0",
	"lockfileVersion": 2,
	"requires": true,
	"packages": {
		"": {
			"version": "1.0.0",
			"license": "ISC",
			"dependencies": {
				"@cloudcare/rum-uniapp": "^1.0.1"
			}
		},
		"node_modules/@cloudcare/rum-uniapp": {
			"version": "1.0.1",
			"resolved": "https://registry.npmjs.org/@cloudcare/rum-uniapp/-/rum-uniapp-1.0.1.tgz",
			"integrity": "sha512-wYOXSQpe5cdocHmSSarSU3JzrUhZpTJfZlQWID0jJTGcNfEMqMlVI2ifAEJp1SqAw5Q+f8UR8nrgFLbQ3PC1jQ=="
		}
	},
	"dependencies": {
		"@cloudcare/rum-uniapp": {
			"version": "1.0.1",
			"resolved": "https://registry.npmjs.org/@cloudcare/rum-uniapp/-/rum-uniapp-1.0.1.tgz",
			"integrity": "sha512-wYOXSQpe5cdocHmSSarSU3JzrUhZpTJfZlQWID0jJTGcNfEMqMlVI2ifAEJp1SqAw5Q+f8UR8nrgFLbQ3PC1jQ=="
		}
	}
}
